
Microsoft Visual Studio Solution File, Format Version 12.00
# Visual Studio Version 16
VisualStudioVersion = 16.0.31613.86
MinimumVisualStudioVersion = 10.0.40219.1
Project("{FAE04EC0-301F-11D3-BF4B-00C04F79EFBC}") = "Tehtava12toimiva", "Tehtava12toimiva\Tehtava12toimiva.csproj", "{F8693B92-99DA-4D3A-816C-F307412CD52C}"
EndProject
Global
	GlobalSection(SolutionConfigurationPlatforms) = preSolution
		Debug|Any CPU = Debug|Any CPU
		Release|Any CPU = Release|Any CPU
	EndGlobalSection
	GlobalSection(ProjectConfigurationPlatforms) = postSolution
		{F8693B92-99DA-4D3A-816C-F307412CD52C}.Debug|Any CPU.ActiveCfg = Debug|Any CPU
		{F8693B92-99DA-4D3A-816C-F307412CD52C}.Debug|Any CPU.Build.0 = Debug|Any CPU
		{F8693B92-99DA-4D3A-816C-F307412CD52C}.Release|Any CPU.ActiveCfg = Release|Any CPU
		{F8693B92-99DA-4D3A-816C-F307412CD52C}.Release|Any CPU.Build.0 = Release|Any CPU
	EndGlobalSection
	GlobalSection(SolutionProperties) = preSolution
		HideSolutionNode = FALSE
	EndGlobalSection
	GlobalSection(ExtensibilityGlobals) = postSolution
		SolutionGuid = {B5AA7F04-55B4-46A3-95E2-D23ADB7AF1A4}
	EndGlobalSection
EndGlobal
