
Microsoft Visual Studio Solution File, Format Version 12.00
# Visual Studio Version 16
VisualStudioVersion = 16.0.29920.165
MinimumVisualStudioVersion = 10.0.40219.1
Project("{FAE04EC0-301F-11D3-BF4B-00C04F79EFBC}") = "Tehtävä7", "Tehtävä7\Tehtävä7.csproj", "{705924F9-3A49-438B-B181-0520E5511066}"
EndProject
Global
	GlobalSection(SolutionConfigurationPlatforms) = preSolution
		Debug|Any CPU = Debug|Any CPU
		Release|Any CPU = Release|Any CPU
	EndGlobalSection
	GlobalSection(ProjectConfigurationPlatforms) = postSolution
		{705924F9-3A49-438B-B181-0520E5511066}.Debug|Any CPU.ActiveCfg = Debug|Any CPU
		{705924F9-3A49-438B-B181-0520E5511066}.Debug|Any CPU.Build.0 = Debug|Any CPU
		{705924F9-3A49-438B-B181-0520E5511066}.Release|Any CPU.ActiveCfg = Release|Any CPU
		{705924F9-3A49-438B-B181-0520E5511066}.Release|Any CPU.Build.0 = Release|Any CPU
	EndGlobalSection
	GlobalSection(SolutionProperties) = preSolution
		HideSolutionNode = FALSE
	EndGlobalSection
	GlobalSection(ExtensibilityGlobals) = postSolution
		SolutionGuid = {D7573EED-3985-4434-B109-7585A8B885EB}
	EndGlobalSection
EndGlobal
