
Microsoft Visual Studio Solution File, Format Version 12.00
# Visual Studio Version 16
VisualStudioVersion = 16.0.31613.86
MinimumVisualStudioVersion = 10.0.40219.1
Project("{FAE04EC0-301F-11D3-BF4B-00C04F79EFBC}") = "Tehtava4", "Tehtava4\Tehtava4.csproj", "{7FE69432-F911-4CFF-8FE4-FA4BF6B51230}"
EndProject
Global
	GlobalSection(SolutionConfigurationPlatforms) = preSolution
		Debug|Any CPU = Debug|Any CPU
		Release|Any CPU = Release|Any CPU
	EndGlobalSection
	GlobalSection(ProjectConfigurationPlatforms) = postSolution
		{7FE69432-F911-4CFF-8FE4-FA4BF6B51230}.Debug|Any CPU.ActiveCfg = Debug|Any CPU
		{7FE69432-F911-4CFF-8FE4-FA4BF6B51230}.Debug|Any CPU.Build.0 = Debug|Any CPU
		{7FE69432-F911-4CFF-8FE4-FA4BF6B51230}.Release|Any CPU.ActiveCfg = Release|Any CPU
		{7FE69432-F911-4CFF-8FE4-FA4BF6B51230}.Release|Any CPU.Build.0 = Release|Any CPU
	EndGlobalSection
	GlobalSection(SolutionProperties) = preSolution
		HideSolutionNode = FALSE
	EndGlobalSection
	GlobalSection(ExtensibilityGlobals) = postSolution
		SolutionGuid = {27FBE71E-BBB1-4CA2-A3C6-FDEFD3D1EAD2}
	EndGlobalSection
EndGlobal
