
Microsoft Visual Studio Solution File, Format Version 12.00
# Visual Studio Version 16
VisualStudioVersion = 16.0.31613.86
MinimumVisualStudioVersion = 10.0.40219.1
Project("{FAE04EC0-301F-11D3-BF4B-00C04F79EFBC}") = "Tehtava20", "Tehtava20\Tehtava20.csproj", "{7FA615E9-E099-4E06-81DF-40B77E468FEC}"
EndProject
Global
	GlobalSection(SolutionConfigurationPlatforms) = preSolution
		Debug|Any CPU = Debug|Any CPU
		Release|Any CPU = Release|Any CPU
	EndGlobalSection
	GlobalSection(ProjectConfigurationPlatforms) = postSolution
		{7FA615E9-E099-4E06-81DF-40B77E468FEC}.Debug|Any CPU.ActiveCfg = Debug|Any CPU
		{7FA615E9-E099-4E06-81DF-40B77E468FEC}.Debug|Any CPU.Build.0 = Debug|Any CPU
		{7FA615E9-E099-4E06-81DF-40B77E468FEC}.Release|Any CPU.ActiveCfg = Release|Any CPU
		{7FA615E9-E099-4E06-81DF-40B77E468FEC}.Release|Any CPU.Build.0 = Release|Any CPU
	EndGlobalSection
	GlobalSection(SolutionProperties) = preSolution
		HideSolutionNode = FALSE
	EndGlobalSection
	GlobalSection(ExtensibilityGlobals) = postSolution
		SolutionGuid = {3484B3EB-53DA-4658-B7B7-80B115855B01}
	EndGlobalSection
EndGlobal
