
Microsoft Visual Studio Solution File, Format Version 12.00
# Visual Studio Version 16
VisualStudioVersion = 16.0.29920.165
MinimumVisualStudioVersion = 10.0.40219.1
Project("{FAE04EC0-301F-11D3-BF4B-00C04F79EFBC}") = "Tehtävä12", "Tehtävä12\Tehtävä12.csproj", "{71B277A1-54AE-422E-B4E1-14908A63673D}"
EndProject
Global
	GlobalSection(SolutionConfigurationPlatforms) = preSolution
		Debug|Any CPU = Debug|Any CPU
		Release|Any CPU = Release|Any CPU
	EndGlobalSection
	GlobalSection(ProjectConfigurationPlatforms) = postSolution
		{71B277A1-54AE-422E-B4E1-14908A63673D}.Debug|Any CPU.ActiveCfg = Debug|Any CPU
		{71B277A1-54AE-422E-B4E1-14908A63673D}.Debug|Any CPU.Build.0 = Debug|Any CPU
		{71B277A1-54AE-422E-B4E1-14908A63673D}.Release|Any CPU.ActiveCfg = Release|Any CPU
		{71B277A1-54AE-422E-B4E1-14908A63673D}.Release|Any CPU.Build.0 = Release|Any CPU
	EndGlobalSection
	GlobalSection(SolutionProperties) = preSolution
		HideSolutionNode = FALSE
	EndGlobalSection
	GlobalSection(ExtensibilityGlobals) = postSolution
		SolutionGuid = {914BCBBA-F559-49F8-9F92-091ACF662774}
	EndGlobalSection
EndGlobal
